
Microsoft Visual Studio Solution File, Format Version 12.00
# Visual Studio 15
VisualStudioVersion = 15.0.27428.2015
MinimumVisualStudioVersion = 10.0.40219.1
Project("{FAE04EC0-301F-11D3-BF4B-00C04F79EFBC}") = "RexBot", "RexBot\RexBot.csproj", "{48DF010E-477A-4DF1-8AD8-3D2E79F5977D}"
EndProject
Global
	GlobalSection(SolutionConfigurationPlatforms) = preSolution
		Debug|Any CPU = Debug|Any CPU
		Release|Any CPU = Release|Any CPU
	EndGlobalSection
	GlobalSection(ProjectConfigurationPlatforms) = postSolution
		{48DF010E-477A-4DF1-8AD8-3D2E79F5977D}.Debug|Any CPU.ActiveCfg = Debug|Any CPU
		{48DF010E-477A-4DF1-8AD8-3D2E79F5977D}.Debug|Any CPU.Build.0 = Debug|Any CPU
		{48DF010E-477A-4DF1-8AD8-3D2E79F5977D}.Release|Any CPU.ActiveCfg = Release|Any CPU
		{48DF010E-477A-4DF1-8AD8-3D2E79F5977D}.Release|Any CPU.Build.0 = Release|Any CPU
	EndGlobalSection
	GlobalSection(SolutionProperties) = preSolution
		HideSolutionNode = FALSE
	EndGlobalSection
	GlobalSection(ExtensibilityGlobals) = postSolution
		SolutionGuid = {87E4AEFD-AA7D-4C15-837F-679A4B06B457}
	EndGlobalSection
EndGlobal
